
Microsoft Visual Studio Solution File, Format Version 12.00
# Visual Studio Version 17
VisualStudioVersion = 17.0.31903.59
MinimumVisualStudioVersion = 10.0.40219.1
Project("{2150E333-8FDC-42A3-9474-1A3956D46DE8}") = "src", "src", "{827E0CD3-B72D-47B6-A68D-7590B98EB39B}"
EndProject
Project("{FAE04EC0-301F-11D3-BF4B-00C04F79EFBC}") = "Zenatur.Tms.Web", "src\Zenatur.Tms.Web\Zenatur.Tms.Web.csproj", "{86658692-1F82-40E0-A2F7-9A929BB8B23C}"
EndProject
Project("{FAE04EC0-301F-11D3-BF4B-00C04F79EFBC}") = "Zenatur.Tms.Application", "src\Zenatur.Tms.Application\Zenatur.Tms.Application.csproj", "{400B47B3-4A6A-42F5-B0B3-672C0459926D}"
EndProject
Project("{FAE04EC0-301F-11D3-BF4B-00C04F79EFBC}") = "Zenatur.Tms.Infrastructure", "src\Zenatur.Tms.Infrastructure\Zenatur.Tms.Infrastructure.csproj", "{28E051B2-AA13-43BA-BDF3-D129A3222EF4}"
EndProject
Project("{FAE04EC0-301F-11D3-BF4B-00C04F79EFBC}") = "Zenatur.Tms.Domain", "src\Zenatur.Tms.Domain\Zenatur.Tms.Domain.csproj", "{902A35D6-59F2-4EB2-BF22-682601C9FDBA}"
EndProject
Project("{2150E333-8FDC-42A3-9474-1A3956D46DE8}") = "tests", "tests", "{0AB3BF05-4346-4AA6-1389-037BE0695223}"
EndProject
Project("{FAE04EC0-301F-11D3-BF4B-00C04F79EFBC}") = "Zenatur.Tms.Tests", "tests\Zenatur.Tms.Tests\Zenatur.Tms.Tests.csproj", "{FF1D69A9-6D3C-42B6-AAFD-063C6D8A95EE}"
EndProject
Project("{2150E333-8FDC-42A3-9474-1A3956D46DE8}") = "tools", "tools", "{07C2787E-EAC7-C090-1BA3-A61EC2A24D84}"
EndProject
Project("{FAE04EC0-301F-11D3-BF4B-00C04F79EFBC}") = "Zenatur.Tms.TokenGenerator", "tools\Zenatur.Tms.TokenGenerator\Zenatur.Tms.TokenGenerator.csproj", "{FEF20448-300E-445C-81EF-9F1EBFA058FE}"
EndProject
Global
	GlobalSection(SolutionConfigurationPlatforms) = preSolution
		Debug|Any CPU = Debug|Any CPU
		Debug|x64 = Debug|x64
		Debug|x86 = Debug|x86
		Release|Any CPU = Release|Any CPU
		Release|x64 = Release|x64
		Release|x86 = Release|x86
	EndGlobalSection
	GlobalSection(ProjectConfigurationPlatforms) = postSolution
		{86658692-1F82-40E0-A2F7-9A929BB8B23C}.Debug|Any CPU.ActiveCfg = Debug|Any CPU
		{86658692-1F82-40E0-A2F7-9A929BB8B23C}.Debug|Any CPU.Build.0 = Debug|Any CPU
		{86658692-1F82-40E0-A2F7-9A929BB8B23C}.Debug|x64.ActiveCfg = Debug|Any CPU
		{86658692-1F82-40E0-A2F7-9A929BB8B23C}.Debug|x64.Build.0 = Debug|Any CPU
		{86658692-1F82-40E0-A2F7-9A929BB8B23C}.Debug|x86.ActiveCfg = Debug|Any CPU
		{86658692-1F82-40E0-A2F7-9A929BB8B23C}.Debug|x86.Build.0 = Debug|Any CPU
		{86658692-1F82-40E0-A2F7-9A929BB8B23C}.Release|Any CPU.ActiveCfg = Release|Any CPU
		{86658692-1F82-40E0-A2F7-9A929BB8B23C}.Release|Any CPU.Build.0 = Release|Any CPU
		{86658692-1F82-40E0-A2F7-9A929BB8B23C}.Release|x64.ActiveCfg = Release|Any CPU
		{86658692-1F82-40E0-A2F7-9A929BB8B23C}.Release|x64.Build.0 = Release|Any CPU
		{86658692-1F82-40E0-A2F7-9A929BB8B23C}.Release|x86.ActiveCfg = Release|Any CPU
		{86658692-1F82-40E0-A2F7-9A929BB8B23C}.Release|x86.Build.0 = Release|Any CPU
		{400B47B3-4A6A-42F5-B0B3-672C0459926D}.Debug|Any CPU.ActiveCfg = Debug|Any CPU
		{400B47B3-4A6A-42F5-B0B3-672C0459926D}.Debug|Any CPU.Build.0 = Debug|Any CPU
		{400B47B3-4A6A-42F5-B0B3-672C0459926D}.Debug|x64.ActiveCfg = Debug|Any CPU
		{400B47B3-4A6A-42F5-B0B3-672C0459926D}.Debug|x64.Build.0 = Debug|Any CPU
		{400B47B3-4A6A-42F5-B0B3-672C0459926D}.Debug|x86.ActiveCfg = Debug|Any CPU
		{400B47B3-4A6A-42F5-B0B3-672C0459926D}.Debug|x86.Build.0 = Debug|Any CPU
		{400B47B3-4A6A-42F5-B0B3-672C0459926D}.Release|Any CPU.ActiveCfg = Release|Any CPU
		{400B47B3-4A6A-42F5-B0B3-672C0459926D}.Release|Any CPU.Build.0 = Release|Any CPU
		{400B47B3-4A6A-42F5-B0B3-672C0459926D}.Release|x64.ActiveCfg = Release|Any CPU
		{400B47B3-4A6A-42F5-B0B3-672C0459926D}.Release|x64.Build.0 = Release|Any CPU
		{400B47B3-4A6A-42F5-B0B3-672C0459926D}.Release|x86.ActiveCfg = Release|Any CPU
		{400B47B3-4A6A-42F5-B0B3-672C0459926D}.Release|x86.Build.0 = Release|Any CPU
		{28E051B2-AA13-43BA-BDF3-D129A3222EF4}.Debug|Any CPU.ActiveCfg = Debug|Any CPU
		{28E051B2-AA13-43BA-BDF3-D129A3222EF4}.Debug|Any CPU.Build.0 = Debug|Any CPU
		{28E051B2-AA13-43BA-BDF3-D129A3222EF4}.Debug|x64.ActiveCfg = Debug|Any CPU
		{28E051B2-AA13-43BA-BDF3-D129A3222EF4}.Debug|x64.Build.0 = Debug|Any CPU
		{28E051B2-AA13-43BA-BDF3-D129A3222EF4}.Debug|x86.ActiveCfg = Debug|Any CPU
		{28E051B2-AA13-43BA-BDF3-D129A3222EF4}.Debug|x86.Build.0 = Debug|Any CPU
		{28E051B2-AA13-43BA-BDF3-D129A3222EF4}.Release|Any CPU.ActiveCfg = Release|Any CPU
		{28E051B2-AA13-43BA-BDF3-D129A3222EF4}.Release|Any CPU.Build.0 = Release|Any CPU
		{28E051B2-AA13-43BA-BDF3-D129A3222EF4}.Release|x64.ActiveCfg = Release|Any CPU
		{28E051B2-AA13-43BA-BDF3-D129A3222EF4}.Release|x64.Build.0 = Release|Any CPU
		{28E051B2-AA13-43BA-BDF3-D129A3222EF4}.Release|x86.ActiveCfg = Release|Any CPU
		{28E051B2-AA13-43BA-BDF3-D129A3222EF4}.Release|x86.Build.0 = Release|Any CPU
		{902A35D6-59F2-4EB2-BF22-682601C9FDBA}.Debug|Any CPU.ActiveCfg = Debug|Any CPU
		{902A35D6-59F2-4EB2-BF22-682601C9FDBA}.Debug|Any CPU.Build.0 = Debug|Any CPU
		{902A35D6-59F2-4EB2-BF22-682601C9FDBA}.Debug|x64.ActiveCfg = Debug|Any CPU
		{902A35D6-59F2-4EB2-BF22-682601C9FDBA}.Debug|x64.Build.0 = Debug|Any CPU
		{902A35D6-59F2-4EB2-BF22-682601C9FDBA}.Debug|x86.ActiveCfg = Debug|Any CPU
		{902A35D6-59F2-4EB2-BF22-682601C9FDBA}.Debug|x86.Build.0 = Debug|Any CPU
		{902A35D6-59F2-4EB2-BF22-682601C9FDBA}.Release|Any CPU.ActiveCfg = Release|Any CPU
		{902A35D6-59F2-4EB2-BF22-682601C9FDBA}.Release|Any CPU.Build.0 = Release|Any CPU
		{902A35D6-59F2-4EB2-BF22-682601C9FDBA}.Release|x64.ActiveCfg = Release|Any CPU
		{902A35D6-59F2-4EB2-BF22-682601C9FDBA}.Release|x64.Build.0 = Release|Any CPU
		{902A35D6-59F2-4EB2-BF22-682601C9FDBA}.Release|x86.ActiveCfg = Release|Any CPU
		{902A35D6-59F2-4EB2-BF22-682601C9FDBA}.Release|x86.Build.0 = Release|Any CPU
		{FF1D69A9-6D3C-42B6-AAFD-063C6D8A95EE}.Debug|Any CPU.ActiveCfg = Debug|Any CPU
		{FF1D69A9-6D3C-42B6-AAFD-063C6D8A95EE}.Debug|Any CPU.Build.0 = Debug|Any CPU
		{FF1D69A9-6D3C-42B6-AAFD-063C6D8A95EE}.Debug|x64.ActiveCfg = Debug|Any CPU
		{FF1D69A9-6D3C-42B6-AAFD-063C6D8A95EE}.Debug|x64.Build.0 = Debug|Any CPU
		{FF1D69A9-6D3C-42B6-AAFD-063C6D8A95EE}.Debug|x86.ActiveCfg = Debug|Any CPU
		{FF1D69A9-6D3C-42B6-AAFD-063C6D8A95EE}.Debug|x86.Build.0 = Debug|Any CPU
		{FF1D69A9-6D3C-42B6-AAFD-063C6D8A95EE}.Release|Any CPU.ActiveCfg = Release|Any CPU
		{FF1D69A9-6D3C-42B6-AAFD-063C6D8A95EE}.Release|Any CPU.Build.0 = Release|Any CPU
		{FF1D69A9-6D3C-42B6-AAFD-063C6D8A95EE}.Release|x64.ActiveCfg = Release|Any CPU
		{FF1D69A9-6D3C-42B6-AAFD-063C6D8A95EE}.Release|x64.Build.0 = Release|Any CPU
		{FF1D69A9-6D3C-42B6-AAFD-063C6D8A95EE}.Release|x86.ActiveCfg = Release|Any CPU
		{FF1D69A9-6D3C-42B6-AAFD-063C6D8A95EE}.Release|x86.Build.0 = Release|Any CPU
		{FEF20448-300E-445C-81EF-9F1EBFA058FE}.Debug|Any CPU.ActiveCfg = Debug|Any CPU
		{FEF20448-300E-445C-81EF-9F1EBFA058FE}.Debug|Any CPU.Build.0 = Debug|Any CPU
		{FEF20448-300E-445C-81EF-9F1EBFA058FE}.Debug|x64.ActiveCfg = Debug|Any CPU
		{FEF20448-300E-445C-81EF-9F1EBFA058FE}.Debug|x64.Build.0 = Debug|Any CPU
		{FEF20448-300E-445C-81EF-9F1EBFA058FE}.Debug|x86.ActiveCfg = Debug|Any CPU
		{FEF20448-300E-445C-81EF-9F1EBFA058FE}.Debug|x86.Build.0 = Debug|Any CPU
		{FEF20448-300E-445C-81EF-9F1EBFA058FE}.Release|Any CPU.ActiveCfg = Release|Any CPU
		{FEF20448-300E-445C-81EF-9F1EBFA058FE}.Release|Any CPU.Build.0 = Release|Any CPU
		{FEF20448-300E-445C-81EF-9F1EBFA058FE}.Release|x64.ActiveCfg = Release|Any CPU
		{FEF20448-300E-445C-81EF-9F1EBFA058FE}.Release|x64.Build.0 = Release|Any CPU
		{FEF20448-300E-445C-81EF-9F1EBFA058FE}.Release|x86.ActiveCfg = Release|Any CPU
		{FEF20448-300E-445C-81EF-9F1EBFA058FE}.Release|x86.Build.0 = Release|Any CPU
	EndGlobalSection
	GlobalSection(SolutionProperties) = preSolution
		HideSolutionNode = FALSE
	EndGlobalSection
	GlobalSection(NestedProjects) = preSolution
		{86658692-1F82-40E0-A2F7-9A929BB8B23C} = {827E0CD3-B72D-47B6-A68D-7590B98EB39B}
		{400B47B3-4A6A-42F5-B0B3-672C0459926D} = {827E0CD3-B72D-47B6-A68D-7590B98EB39B}
		{28E051B2-AA13-43BA-BDF3-D129A3222EF4} = {827E0CD3-B72D-47B6-A68D-7590B98EB39B}
		{902A35D6-59F2-4EB2-BF22-682601C9FDBA} = {827E0CD3-B72D-47B6-A68D-7590B98EB39B}
		{FF1D69A9-6D3C-42B6-AAFD-063C6D8A95EE} = {0AB3BF05-4346-4AA6-1389-037BE0695223}
		{FEF20448-300E-445C-81EF-9F1EBFA058FE} = {07C2787E-EAC7-C090-1BA3-A61EC2A24D84}
	EndGlobalSection
EndGlobal
